
Microsoft Visual Studio Solution File, Format Version 12.00
# Visual Studio Version 18
VisualStudioVersion = 18.6.11828.311 oobstable
MinimumVisualStudioVersion = 10.0.40219.1
Project("{FAE04EC0-301F-11D3-BF4B-00C04F79EFBC}") = "WpfMatrixApp", "WpfMatrixApp.csproj", "{7092A5B2-CF92-8F32-1029-2FA527BFD6DC}"
EndProject
Global
	GlobalSection(SolutionConfigurationPlatforms) = preSolution
		Debug|Any CPU = Debug|Any CPU
		Release|Any CPU = Release|Any CPU
	EndGlobalSection
	GlobalSection(ProjectConfigurationPlatforms) = postSolution
		{7092A5B2-CF92-8F32-1029-2FA527BFD6DC}.Debug|Any CPU.ActiveCfg = Debug|Any CPU
		{7092A5B2-CF92-8F32-1029-2FA527BFD6DC}.Debug|Any CPU.Build.0 = Debug|Any CPU
		{7092A5B2-CF92-8F32-1029-2FA527BFD6DC}.Release|Any CPU.ActiveCfg = Release|Any CPU
		{7092A5B2-CF92-8F32-1029-2FA527BFD6DC}.Release|Any CPU.Build.0 = Release|Any CPU
	EndGlobalSection
	GlobalSection(SolutionProperties) = preSolution
		HideSolutionNode = FALSE
	EndGlobalSection
	GlobalSection(ExtensibilityGlobals) = postSolution
		SolutionGuid = {1B6646D4-F83E-4275-AF6E-E0C7C6836A5B}
	EndGlobalSection
EndGlobal
